github.com/MouseHatGames/mice v1.2.1 h1:x2PfahWZjda9I//NwqSOBYlTfNCVmj27x7aRi8ePeyI=
github.com/MouseHatGames/mice v1.2.1/go.mod h1:Zml0bIiLnFoNEylVWSEsnpscvXmSMnR9jqr/aYh/jNw=
github.com/MouseHatGames/mice v1.2.2 h1:ZDC3EMA0ykRgO8X0/8FO1W8yUqpO+glhTV8tlFvAndo=
github.com/MouseHatGames/mice v1.2.2/go.mod h1:Zml0bIiLnFoNEylVWSEsnpscvXmSMnR9jqr/aYh/jNw=
github.com/MouseHatGames/mice v1.2.3 h1:ScBX1/1iQNjn0/ZmNM/Q4WxVBHg45A+Gpl6Xh3+x4ro=
github.com/MouseHatGames/mice v1.2.3/go.mod h1:Zml0bIiLnFoNEylVWSEsnpscvXmSMnR9jqr/aYh/jNw=
github.com/MouseHatGames/mice v1.2.4 h1:pEv03IjdeKwcjK6JSxT9W4E3fBvYpY+k1CMOwDcnh6I=
github.com/MouseHatGames/mice v1.2.4/go.mod h1:Zml0bIiLnFoNEylVWSEsnpscvXmSMnR9jqr/aYh/jNw=
github.com/MouseHatGames/mice v1.2.5 h1:I1HUn+DLhxJ/h8Kj4McvIrtHhgoW6DCr6t98ogPDGAE=
github.com/MouseHatGames/mice v1.2.5/go.mod h1:Zml0bIiLnFoNEylVWSEsnpscvXmSMnR9jqr/aYh/jNw=
github.com/MouseHatGames/mice v1.2.6 h1:aK6FEEw+kS9VfQzH2Y95cjIAu8PT9JpCuoNQY5ksU2U=
github.com/MouseHatGames/mice v1.2.6/go.mod h1:Zml0bIiLnFoNEylVWSEsnpscvXmSMnR9jqr/aYh/jNw=
github.com/MouseHatGames/mice v1.2.7 h1:zbAYCTtoIwtRpH4VAQVqtTQ+fR99hdnSPRYxHVpYwiQ=
github.com/MouseHatGames/mice v1.2.7/go.mod h1:Zml0bIiLnFoNEylVWSEsnpscvXmSMnR9jqr/aYh/jNw=
github.com/MouseHatGames/mice v1.2.8 h1:3Gsj8VjVuuDsLuum3oMeBjYcxbV8OhaQ6hd6aDqbJww=
github.com/MouseHatGames/mice v1.2.8/go.mod h1:Zml0bIiLnFoNEylVWSEsnpscvXmSMnR9jqr/aYh/jNw=
github.com/MouseHatGames/mice v1.2.9-0.20210317160727-428d16360483 h1:MZbc3g8iNzq8tmfwJ3PEArwTkneFFTffprsPeVfx0r4=
github.com/MouseHatGames/mice v1.2.9-0.20210317160727-428d16360483/go.mod h1:Zml0bIiLnFoNEylVWSEsnpscvXmSMnR9jqr/aYh/jNw=
github.com/MouseHatGames/mice v1.2.9-0.20210317224951-cd739624fee8 h1:YBDXmbqKF1pBJyZ49MYV6OLuSlp5VR0OwRVenknCDDU=
github.com/MouseHatGames/mice v1.2.9-0.20210317224951-cd739624fee8/go.mod h1:Zml0bIiLnFoNEylVWSEsnpscvXmSMnR9jqr/aYh/jNw=
github.com/davecgh/go-spew v1.1.0/go.mod h1:J7Y8YcW2NihsgmVo/mv3lAwl/skON4iLHjSsI+c5H38=
github.com/pmezard/go-difflib v1.0.0/go.mod h1:iKH77koFhYxTK1pcRnkKkqfTogsbg7gZNVY4sRDYZ/4=
github.com/stretchr/objx v0.1.0/go.mod h1:HFkY916IF+rwdDfMAkV7OtwuqBVzrE8GR6GFx+wExME=
github.com/stretchr/testify v1.6.1/go.mod h1:6Fq8oRcR53rry900zMqJjRRixrwX3KX962/h/Wwjteg=
gopkg.in/check.v1 v0.0.0-20161208181325-20d25e280405/go.mod h1:Co6ibVJAznAaIkqp8huTwlJQCZ016jof/cbN4VW5Yz0=
gopkg.in/yaml.v3 v3.0.0-20200313102051-9f266ea9e77c/go.mod h1:K4uyk7z7BCEPqu6E+C64Yfv1cQ7kz7rIZviUmN+EgEM=
